
Microsoft Visual Studio Solution File, Format Version 12.00
# Visual Studio 15
VisualStudioVersion = 15.0.28307.902
MinimumVisualStudioVersion = 10.0.40219.1
Project("{FAE04EC0-301F-11D3-BF4B-00C04F79EFBC}") = "199_Exerc", "199_Exerc\199_Exerc.csproj", "{AEAAC9D2-D6B4-4ECA-84C0-B09DD0F41114}"
EndProject
Global
	GlobalSection(SolutionConfigurationPlatforms) = preSolution
		Debug|Any CPU = Debug|Any CPU
		Release|Any CPU = Release|Any CPU
	EndGlobalSection
	GlobalSection(ProjectConfigurationPlatforms) = postSolution
		{AEAAC9D2-D6B4-4ECA-84C0-B09DD0F41114}.Debug|Any CPU.ActiveCfg = Debug|Any CPU
		{AEAAC9D2-D6B4-4ECA-84C0-B09DD0F41114}.Debug|Any CPU.Build.0 = Debug|Any CPU
		{AEAAC9D2-D6B4-4ECA-84C0-B09DD0F41114}.Release|Any CPU.ActiveCfg = Release|Any CPU
		{AEAAC9D2-D6B4-4ECA-84C0-B09DD0F41114}.Release|Any CPU.Build.0 = Release|Any CPU
	EndGlobalSection
	GlobalSection(SolutionProperties) = preSolution
		HideSolutionNode = FALSE
	EndGlobalSection
	GlobalSection(ExtensibilityGlobals) = postSolution
		SolutionGuid = {3AA0FC86-00AA-4B40-8DAC-20DD5BB98472}
	EndGlobalSection
EndGlobal
